
Microsoft Visual Studio Solution File, Format Version 12.00
# Visual Studio Version 17
VisualStudioVersion = 17.9.34701.34
MinimumVisualStudioVersion = 10.0.40219.1
Project("{9A19103F-16F7-4668-BE54-9A1E7A4F7556}") = "Form5", "Form5\Form5.csproj", "{46109496-20E0-4FF5-9EAF-9E9D5691FDBA}"
EndProject
Global
	GlobalSection(SolutionConfigurationPlatforms) = preSolution
		Debug|Any CPU = Debug|Any CPU
		Release|Any CPU = Release|Any CPU
	EndGlobalSection
	GlobalSection(ProjectConfigurationPlatforms) = postSolution
		{46109496-20E0-4FF5-9EAF-9E9D5691FDBA}.Debug|Any CPU.ActiveCfg = Debug|Any CPU
		{46109496-20E0-4FF5-9EAF-9E9D5691FDBA}.Debug|Any CPU.Build.0 = Debug|Any CPU
		{46109496-20E0-4FF5-9EAF-9E9D5691FDBA}.Release|Any CPU.ActiveCfg = Release|Any CPU
		{46109496-20E0-4FF5-9EAF-9E9D5691FDBA}.Release|Any CPU.Build.0 = Release|Any CPU
	EndGlobalSection
	GlobalSection(SolutionProperties) = preSolution
		HideSolutionNode = FALSE
	EndGlobalSection
	GlobalSection(ExtensibilityGlobals) = postSolution
		SolutionGuid = {96E76EEF-0425-4191-9F32-EC3DE9E263E5}
	EndGlobalSection
EndGlobal
